
Microsoft Visual Studio Solution File, Format Version 12.00
# Visual Studio 15
VisualStudioVersion = 15.0.28307.168
MinimumVisualStudioVersion = 10.0.40219.1
Project("{FAE04EC0-301F-11D3-BF4B-00C04F79EFBC}") = "Jan2ConsoleApp1", "Jan2ConsoleApp1\Jan2ConsoleApp1.csproj", "{ECBF83ED-FDDE-43F2-9A06-2D97B05E893F}"
EndProject
Global
	GlobalSection(SolutionConfigurationPlatforms) = preSolution
		Debug|Any CPU = Debug|Any CPU
		Release|Any CPU = Release|Any CPU
	EndGlobalSection
	GlobalSection(ProjectConfigurationPlatforms) = postSolution
		{ECBF83ED-FDDE-43F2-9A06-2D97B05E893F}.Debug|Any CPU.ActiveCfg = Debug|Any CPU
		{ECBF83ED-FDDE-43F2-9A06-2D97B05E893F}.Debug|Any CPU.Build.0 = Debug|Any CPU
		{ECBF83ED-FDDE-43F2-9A06-2D97B05E893F}.Release|Any CPU.ActiveCfg = Release|Any CPU
		{ECBF83ED-FDDE-43F2-9A06-2D97B05E893F}.Release|Any CPU.Build.0 = Release|Any CPU
	EndGlobalSection
	GlobalSection(SolutionProperties) = preSolution
		HideSolutionNode = FALSE
	EndGlobalSection
	GlobalSection(ExtensibilityGlobals) = postSolution
		SolutionGuid = {308CBA19-D623-4C7A-997D-4521C7522043}
	EndGlobalSection
EndGlobal
